
Microsoft Visual Studio Solution File, Format Version 12.00
# Visual Studio Version 17
VisualStudioVersion = 17.0.32014.148
MinimumVisualStudioVersion = 10.0.40219.1
Project("{FAE04EC0-301F-11D3-BF4B-00C04F79EFBC}") = "Estudos_Memoria_1", "Estudos_Memoria_1\Estudos_Memoria_1.csproj", "{56BEFA3A-7F8F-47AF-8D19-CF4084C45116}"
EndProject
Global
	GlobalSection(SolutionConfigurationPlatforms) = preSolution
		Debug|Any CPU = Debug|Any CPU
		Release|Any CPU = Release|Any CPU
	EndGlobalSection
	GlobalSection(ProjectConfigurationPlatforms) = postSolution
		{56BEFA3A-7F8F-47AF-8D19-CF4084C45116}.Debug|Any CPU.ActiveCfg = Debug|Any CPU
		{56BEFA3A-7F8F-47AF-8D19-CF4084C45116}.Debug|Any CPU.Build.0 = Debug|Any CPU
		{56BEFA3A-7F8F-47AF-8D19-CF4084C45116}.Release|Any CPU.ActiveCfg = Release|Any CPU
		{56BEFA3A-7F8F-47AF-8D19-CF4084C45116}.Release|Any CPU.Build.0 = Release|Any CPU
	EndGlobalSection
	GlobalSection(SolutionProperties) = preSolution
		HideSolutionNode = FALSE
	EndGlobalSection
	GlobalSection(ExtensibilityGlobals) = postSolution
		SolutionGuid = {20F8F580-AE01-485D-95DC-C5CA6431FCD9}
	EndGlobalSection
EndGlobal
